<?xml version="1.0" encoding="utf-8"?>
<Project ToolsVersion="4.0" xmlns="http://schemas.microsoft.com/developer/msbuild/2003">
  <ItemGroup>
    <Filter Include="Source Files">
      <UniqueIdentifier>{4FC737F1-C7A5-4376-A066-2A32D752A2FF}</UniqueIdentifier>
      <Extensions>cpp;c;cc;cxx;def;odl;idl;hpj;bat;asm;asmx</Extensions>
    </Filter>
    <Filter Include="Header Files">
      <UniqueIdentifier>{93995380-89BD-4b04-88EB-625FBE52EBFB}</UniqueIdentifier>
      <Extensions>h;hh;hpp;hxx;hm;inl;inc;xsd</Extensions>
    </Filter>
    <Filter Include="Resource Files">
      <UniqueIdentifier>{67DA6AB6-F800-4c08-8B7A-83BB121AAD01}</UniqueIdentifier>
      <Extensions>rc;ico;cur;bmp;dlg;rc2;rct;bin;rgs;gif;jpg;jpeg;jpe;resx;tiff;tif;png;wav;mfcribbon-ms</Extensions>
    </Filter>
    <Filter Include="main">
      <UniqueIdentifier>{b1a2b2d9-aadb-41ad-a745-b1651d34dc0c}</UniqueIdentifier>
    </Filter>
  </ItemGroup>
  <ItemGroup>
    <ClCompile Include="..\AlphaSettings.cpp">
      <Filter>Source Files</Filter>
    </ClCompile>
    <ClCompile Include="..\BlendSettings.cpp">
      <Filter>Source Files</Filter>
    </ClCompile>
    <ClCompile Include="..\ColorSettings.cpp">
      <Filter>Source Files</Filter>
    </ClCompile>
    <ClCompile Include="..\EditorShapes.cpp">
      <Filter>Source Files</Filter>
    </ClCompile>
    <ClCompile Include="..\EffectGroup.cpp">
      <Filter>Source Files</Filter>
    </ClCompile>
    <ClCompile Include="..\EmissionSettings.cpp">
      <Filter>Source Files</Filter>
    </ClCompile>
    <ClCompile Include="..\EmitterInstance.cpp">
      <Filter>Source Files</Filter>
    </ClCompile>
    <ClCompile Include="..\EmitterModifier.cpp">
      <Filter>Source Files</Filter>
    </ClCompile>
    <ClCompile Include="..\FloatAnim.cpp">
      <Filter>Source Files</Filter>
    </ClCompile>
    <ClCompile Include="..\MayaCamera.cpp">
      <Filter>Source Files</Filter>
    </ClCompile>
    <ClCompile Include="..\MotionParameters.cpp">
      <Filter>Source Files</Filter>
    </ClCompile>
    <ClCompile Include="..\ParticleEditor.cpp">
      <Filter>Source Files</Filter>
    </ClCompile>
    <ClCompile Include="..\ParticleSettings.cpp">
      <Filter>Source Files</Filter>
    </ClCompile>
    <ClCompile Include="..\PreviewModel.cpp">
      <Filter>Source Files</Filter>
    </ClCompile>
    <ClCompile Include="..\RibbonInstance.cpp">
      <Filter>Source Files</Filter>
    </ClCompile>
    <ClCompile Include="..\RotationSettings.cpp">
      <Filter>Source Files</Filter>
    </ClCompile>
    <ClCompile Include="..\ScaleSettings.cpp">
      <Filter>Source Files</Filter>
    </ClCompile>
    <ClCompile Include="..\ShapeSettings.cpp">
      <Filter>Source Files</Filter>
    </ClCompile>
    <ClCompile Include="..\SortSettings.cpp">
      <Filter>Source Files</Filter>
    </ClCompile>
    <ClCompile Include="..\TextureSettings.cpp">
      <Filter>Source Files</Filter>
    </ClCompile>
    <ClCompile Include="..\main\_win\WinMain.cpp">
      <Filter>main</Filter>
    </ClCompile>
  </ItemGroup>
  <ItemGroup>
    <ClInclude Include="..\AlphaSettings.h">
      <Filter>Header Files</Filter>
    </ClInclude>
    <ClInclude Include="..\BlendSettings.h">
      <Filter>Header Files</Filter>
    </ClInclude>
    <ClInclude Include="..\ColorSettings.h">
      <Filter>Header Files</Filter>
    </ClInclude>
    <ClInclude Include="..\EditorShapes.h">
      <Filter>Header Files</Filter>
    </ClInclude>
    <ClInclude Include="..\EffectGroup.h">
      <Filter>Header Files</Filter>
    </ClInclude>
    <ClInclude Include="..\EmissionSettings.h">
      <Filter>Header Files</Filter>
    </ClInclude>
    <ClInclude Include="..\EmitterInstance.h">
      <Filter>Header Files</Filter>
    </ClInclude>
    <ClInclude Include="..\EmitterModifier.h">
      <Filter>Header Files</Filter>
    </ClInclude>
    <ClInclude Include="..\FileList.h">
      <Filter>Header Files</Filter>
    </ClInclude>
    <ClInclude Include="..\FloatAnim.h">
      <Filter>Header Files</Filter>
    </ClInclude>
    <ClInclude Include="..\MayaCamera.h">
      <Filter>Header Files</Filter>
    </ClInclude>
    <ClInclude Include="..\MotionParameters.h">
      <Filter>Header Files</Filter>
    </ClInclude>
    <ClInclude Include="..\ParticleEditor.h">
      <Filter>Header Files</Filter>
    </ClInclude>
    <ClInclude Include="..\ParticleSettings.h">
      <Filter>Header Files</Filter>
    </ClInclude>
    <ClInclude Include="..\PreviewModel.h">
      <Filter>Header Files</Filter>
    </ClInclude>
    <ClInclude Include="..\RibbonInstance.h">
      <Filter>Header Files</Filter>
    </ClInclude>
    <ClInclude Include="..\RotationSettings.h">
      <Filter>Header Files</Filter>
    </ClInclude>
    <ClInclude Include="..\ScaleSettings.h">
      <Filter>Header Files</Filter>
    </ClInclude>
    <ClInclude Include="..\ShapeSettings.h">
      <Filter>Header Files</Filter>
    </ClInclude>
    <ClInclude Include="..\SortSettings.h">
      <Filter>Header Files</Filter>
    </ClInclude>
    <ClInclude Include="..\TextureSettings.h">
      <Filter>Header Files</Filter>
    </ClInclude>
  </ItemGroup>
</Project>