<?xml version="1.0" encoding="utf-8"?>
<Project ToolsVersion="4.0" xmlns="http://schemas.microsoft.com/developer/msbuild/2003">
  <ItemGroup>
    <Filter Include="Source Files">
      <UniqueIdentifier>{4FC737F1-C7A5-4376-A066-2A32D752A2FF}</UniqueIdentifier>
      <Extensions>cpp;c;cc;cxx;def;odl;idl;hpj;bat;asm;asmx</Extensions>
    </Filter>
    <Filter Include="Header Files">
      <UniqueIdentifier>{93995380-89BD-4b04-88EB-625FBE52EBFB}</UniqueIdentifier>
      <Extensions>h;hh;hpp;hxx;hm;inl;inc;xsd</Extensions>
    </Filter>
    <Filter Include="Resource Files">
      <UniqueIdentifier>{67DA6AB6-F800-4c08-8B7A-83BB121AAD01}</UniqueIdentifier>
      <Extensions>rc;ico;cur;bmp;dlg;rc2;rct;bin;rgs;gif;jpg;jpeg;jpe;resx;tiff;tif;png;wav;mfcribbon-ms</Extensions>
    </Filter>
  </ItemGroup>
  <ItemGroup>
    <ClInclude Include="common.h">
      <Filter>Header Files</Filter>
    </ClInclude>
    <ClInclude Include="endian.h">
      <Filter>Header Files</Filter>
    </ClInclude>
    <ClInclude Include="Forced.h">
      <Filter>Header Files</Filter>
    </ClInclude>
    <ClInclude Include="OwnSTLDecl.h">
      <Filter>Header Files</Filter>
    </ClInclude>
    <ClInclude Include="pb_system_vc.h">
      <Filter>Header Files</Filter>
    </ClInclude>
    <ClInclude Include="PbUtil.h">
      <Filter>Header Files</Filter>
    </ClInclude>
    <ClInclude Include="StringUtil.h">
      <Filter>Header Files</Filter>
    </ClInclude>
    <ClInclude Include="cmdl\Cmdl.h">
      <Filter>Header Files</Filter>
    </ClInclude>
    <ClInclude Include="cmdl\CmdlBinaryStore.h">
      <Filter>Header Files</Filter>
    </ClInclude>
    <ClInclude Include="common\CollisionStore.h">
      <Filter>Header Files</Filter>
    </ClInclude>
    <ClInclude Include="common\debug.h">
      <Filter>Header Files</Filter>
    </ClInclude>
    <ClInclude Include="common\LoaderBase.h">
      <Filter>Header Files</Filter>
    </ClInclude>
    <ClInclude Include="common\ModelConverterBase.h">
      <Filter>Header Files</Filter>
    </ClInclude>
    <ClInclude Include="common\performance.h">
      <Filter>Header Files</Filter>
    </ClInclude>
    <ClInclude Include="common\printer.h">
      <Filter>Header Files</Filter>
    </ClInclude>
    <ClInclude Include="common\Vector.h">
      <Filter>Header Files</Filter>
    </ClInclude>
    <ClInclude Include="exchange\LoaderUtil.h">
      <Filter>Header Files</Filter>
    </ClInclude>
    <ClInclude Include="exchange\Material.h">
      <Filter>Header Files</Filter>
    </ClInclude>
    <ClInclude Include="exchange\Mesh.h">
      <Filter>Header Files</Filter>
    </ClInclude>
    <ClInclude Include="exchange\Shape.h">
      <Filter>Header Files</Filter>
    </ClInclude>
    <ClInclude Include="exchange\Skeleton.h">
      <Filter>Header Files</Filter>
    </ClInclude>
    <ClInclude Include="exchange\Stream.h">
      <Filter>Header Files</Filter>
    </ClInclude>
    <ClInclude Include="lib\pugixml-1.2\src\pugiconfig.hpp">
      <Filter>Header Files</Filter>
    </ClInclude>
    <ClInclude Include="lib\pugixml-1.2\src\pugixml.hpp">
      <Filter>Header Files</Filter>
    </ClInclude>
    <ClInclude Include="pugixmlUtil.h">
      <Filter>Header Files</Filter>
    </ClInclude>
    <ClInclude Include="LoaderCommon.h">
      <Filter>Header Files</Filter>
    </ClInclude>
    <ClInclude Include="Dependencies\DependencyTracker.h">
      <Filter>Header Files</Filter>
    </ClInclude>
    <ClInclude Include="fbx\FbxConverter.h">
      <Filter>Source Files</Filter>
    </ClInclude>
    <ClInclude Include="fbx\FbxLoad.h">
      <Filter>Source Files</Filter>
    </ClInclude>
    <ClInclude Include="exchange\Animation.h">
      <Filter>Source Files</Filter>
    </ClInclude>
    <ClInclude Include="exchange\MaterialOverrides.h">
      <Filter>Source Files</Filter>
    </ClInclude>
    <ClInclude Include="exchange\MaterialAnimation.h">
      <Filter>Source Files</Filter>
    </ClInclude>
    <ClInclude Include="exchange\MaterialAnimationConverter.h">
      <Filter>Source Files</Filter>
    </ClInclude>
  </ItemGroup>
  <ItemGroup>
    <ClCompile Include="cmdl\Cmdl.cpp">
      <Filter>Source Files</Filter>
    </ClCompile>
    <ClCompile Include="cmdl\CmdlBinaryStore.cpp">
      <Filter>Source Files</Filter>
    </ClCompile>
    <ClCompile Include="common\CollisionStore.cpp">
      <Filter>Source Files</Filter>
    </ClCompile>
    <ClCompile Include="common\debug.cpp">
      <Filter>Source Files</Filter>
    </ClCompile>
    <ClCompile Include="common\ModelConverterBase.cpp">
      <Filter>Source Files</Filter>
    </ClCompile>
    <ClCompile Include="common\performance.cpp">
      <Filter>Source Files</Filter>
    </ClCompile>
    <ClCompile Include="common\printer.cpp">
      <Filter>Source Files</Filter>
    </ClCompile>
    <ClCompile Include="exchange\Material.cpp">
      <Filter>Source Files</Filter>
    </ClCompile>
    <ClCompile Include="exchange\Mesh.cpp">
      <Filter>Source Files</Filter>
    </ClCompile>
    <ClCompile Include="exchange\Shape.cpp">
      <Filter>Source Files</Filter>
    </ClCompile>
    <ClCompile Include="lib\pugixml-1.2\src\pugixml.cpp">
      <Filter>Source Files</Filter>
    </ClCompile>
    <ClCompile Include="Dependencies\DependencyTracker.cpp">
      <Filter>Source Files</Filter>
    </ClCompile>
    <ClCompile Include="fbx\FbxConverter.cpp">
      <Filter>Source Files</Filter>
    </ClCompile>
    <ClCompile Include="fbx\FbxLoad.cpp">
      <Filter>Source Files</Filter>
    </ClCompile>
    <ClCompile Include="exchange\Animation.cpp">
      <Filter>Source Files</Filter>
    </ClCompile>
    <ClCompile Include="exchange\MaterialOverrides.cpp">
      <Filter>Source Files</Filter>
    </ClCompile>
    <ClCompile Include="exchange\MaterialAnimation.cpp">
      <Filter>Source Files</Filter>
    </ClCompile>
    <ClCompile Include="exchange\MaterialAnimationConverter.cpp">
      <Filter>Source Files</Filter>
    </ClCompile>
  </ItemGroup>
</Project>